// !$*UTF8*$!
{
	archiveVersion = 1;
	classes = {
	};
	objectVersion = 46;
	objects = {

/* Begin PBXBuildFile section */
		C41560D41CF31A0F00EDB356 /* main.m in Sources */ = {isa = PBXBuildFile; fileRef = C41560D31CF31A0F00EDB356 /* main.m */; };
		C41560D71CF31A0F00EDB356 /* AppDelegate.m in Sources */ = {isa = PBXBuildFile; fileRef = C41560D61CF31A0F00EDB356 /* AppDelegate.m */; };
		C41560DA1CF31A0F00EDB356 /* ViewController.m in Sources */ = {isa = PBXBuildFile; fileRef = C41560D91CF31A0F00EDB356 /* ViewController.m */; };
		C41560DD1CF31A0F00EDB356 /* Main.storyboard in Resources */ = {isa = PBXBuildFile; fileRef = C41560DB1CF31A0F00EDB356 /* Main.storyboard */; };
		C41560DF1CF31A0F00EDB356 /* Assets.xcassets in Resources */ = {isa = PBXBuildFile; fileRef = C41560DE1CF31A0F00EDB356 /* Assets.xcassets */; };
		C41560E21CF31A0F00EDB356 /* LaunchScreen.storyboard in Resources */ = {isa = PBXBuildFile; fileRef = C41560E01CF31A0F00EDB356 /* LaunchScreen.storyboard */; };
		C41560EA1CF31B9C00EDB356 /* MapKit.framework in Frameworks */ = {isa = PBXBuildFile; fileRef = C41560E91CF31B9C00EDB356 /* MapKit.framework */; };
		C41560EC1CF31BA800EDB356 /* CoreLocation.framework in Frameworks */ = {isa = PBXBuildFile; fileRef = C41560EB1CF31BA800EDB356 /* CoreLocation.framework */; };
		C4B3CA3F1CFDB79E002A3F55 /* FMDatabase.m in Sources */ = {isa = PBXBuildFile; fileRef = C4B3CA341CFDB79E002A3F55 /* FMDatabase.m */; };
		C4B3CA401CFDB79E002A3F55 /* FMDatabaseAdditions.m in Sources */ = {isa = PBXBuildFile; fileRef = C4B3CA361CFDB79E002A3F55 /* FMDatabaseAdditions.m */; };
		C4B3CA411CFDB79E002A3F55 /* FMDatabasePool.m in Sources */ = {isa = PBXBuildFile; fileRef = C4B3CA381CFDB79E002A3F55 /* FMDatabasePool.m */; };
		C4B3CA421CFDB79E002A3F55 /* FMDatabaseQueue.m in Sources */ = {isa = PBXBuildFile; fileRef = C4B3CA3A1CFDB79E002A3F55 /* FMDatabaseQueue.m */; };
		C4B3CA431CFDB79E002A3F55 /* FMResultSet.m in Sources */ = {isa = PBXBuildFile; fileRef = C4B3CA3D1CFDB79E002A3F55 /* FMResultSet.m */; };
		C4B3CA461CFDBBC4002A3F55 /* libsqlite3.0.tbd in Frameworks */ = {isa = PBXBuildFile; fileRef = C4B3CA451CFDBBC4002A3F55 /* libsqlite3.0.tbd */; };
		C4D0CDF51CFDC3B900B7C8C0 /* libsqlite3.tbd in Frameworks */ = {isa = PBXBuildFile; fileRef = C4D0CDF41CFDC3B900B7C8C0 /* libsqlite3.tbd */; };
/* End PBXBuildFile section */

/* Begin PBXFileReference section */
		C41560CF1CF31A0F00EDB356 /* HelloFindMyFriend.app */ = {isa = PBXFileReference; explicitFileType = wrapper.application; includeInIndex = 0; path = HelloFindMyFriend.app; sourceTree = BUILT_PRODUCTS_DIR; };
		C41560D31CF31A0F00EDB356 /* main.m */ = {isa = PBXFileReference; lastKnownFileType = sourcecode.c.objc; path = main.m; sourceTree = "<group>"; };
		C41560D51CF31A0F00EDB356 /* AppDelegate.h */ = {isa = PBXFileReference; lastKnownFileType = sourcecode.c.h; path = AppDelegate.h; sourceTree = "<group>"; };
		C41560D61CF31A0F00EDB356 /* AppDelegate.m */ = {isa = PBXFileReference; lastKnownFileType = sourcecode.c.objc; path = AppDelegate.m; sourceTree = "<group>"; };
		C41560D81CF31A0F00EDB356 /* ViewController.h */ = {isa = PBXFileReference; lastKnownFileType = sourcecode.c.h; path = ViewController.h; sourceTree = "<group>"; };
		C41560D91CF31A0F00EDB356 /* ViewController.m */ = {isa = PBXFileReference; lastKnownFileType = sourcecode.c.objc; path = ViewController.m; sourceTree = "<group>"; };
		C41560DC1CF31A0F00EDB356 /* Base */ = {isa = PBXFileReference; lastKnownFileType = file.storyboard; name = Base; path = Base.lproj/Main.storyboard; sourceTree = "<group>"; };
		C41560DE1CF31A0F00EDB356 /* Assets.xcassets */ = {isa = PBXFileReference; lastKnownFileType = folder.assetcatalog; path = Assets.xcassets; sourceTree = "<group>"; };
		C41560E11CF31A0F00EDB356 /* Base */ = {isa = PBXFileReference; lastKnownFileType = file.storyboard; name = Base; path = Base.lproj/LaunchScreen.storyboard; sourceTree = "<group>"; };
		C41560E31CF31A0F00EDB356 /* Info.plist */ = {isa = PBXFileReference; lastKnownFileType = text.plist.xml; path = Info.plist; sourceTree = "<group>"; };
		C41560E91CF31B9C00EDB356 /* MapKit.framework */ = {isa = PBXFileReference; lastKnownFileType = wrapper.framework; name = MapKit.framework; path = System/Library/Frameworks/MapKit.framework; sourceTree = SDKROOT; };
		C41560EB1CF31BA800EDB356 /* CoreLocation.framework */ = {isa = PBXFileReference; lastKnownFileType = wrapper.framework; name = CoreLocation.framework; path = System/Library/Frameworks/CoreLocation.framework; sourceTree = SDKROOT; };
		C4B3CA331CFDB79E002A3F55 /* FMDatabase.h */ = {isa = PBXFileReference; fileEncoding = 4; lastKnownFileType = sourcecode.c.h; path = FMDatabase.h; sourceTree = "<group>"; };
		C4B3CA341CFDB79E002A3F55 /* FMDatabase.m */ = {isa = PBXFileReference; fileEncoding = 4; lastKnownFileType = sourcecode.c.objc; path = FMDatabase.m; sourceTree = "<group>"; };
		C4B3CA351CFDB79E002A3F55 /* FMDatabaseAdditions.h */ = {isa = PBXFileReference; fileEncoding = 4; lastKnownFileType = sourcecode.c.h; path = FMDatabaseAdditions.h; sourceTree = "<group>"; };
		C4B3CA361CFDB79E002A3F55 /* FMDatabaseAdditions.m */ = {isa = PBXFileReference; fileEncoding = 4; lastKnownFileType = sourcecode.c.objc; path = FMDatabaseAdditions.m; sourceTree = "<group>"; };
		C4B3CA371CFDB79E002A3F55 /* FMDatabasePool.h */ = {isa = PBXFileReference; fileEncoding = 4; lastKnownFileType = sourcecode.c.h; path = FMDatabasePool.h; sourceTree = "<group>"; };
		C4B3CA381CFDB79E002A3F55 /* FMDatabasePool.m */ = {isa = PBXFileReference; fileEncoding = 4; lastKnownFileType = sourcecode.c.objc; path = FMDatabasePool.m; sourceTree = "<group>"; };
		C4B3CA391CFDB79E002A3F55 /* FMDatabaseQueue.h */ = {isa = PBXFileReference; fileEncoding = 4; lastKnownFileType = sourcecode.c.h; path = FMDatabaseQueue.h; sourceTree = "<group>"; };
		C4B3CA3A1CFDB79E002A3F55 /* FMDatabaseQueue.m */ = {isa = PBXFileReference; fileEncoding = 4; lastKnownFileType = sourcecode.c.objc; path = FMDatabaseQueue.m; sourceTree = "<group>"; };
		C4B3CA3B1CFDB79E002A3F55 /* FMDB.h */ = {isa = PBXFileReference; fileEncoding = 4; lastKnownFileType = sourcecode.c.h; path = FMDB.h; sourceTree = "<group>"; };
		C4B3CA3C1CFDB79E002A3F55 /* FMResultSet.h */ = {isa = PBXFileReference; fileEncoding = 4; lastKnownFileType = sourcecode.c.h; path = FMResultSet.h; sourceTree = "<group>"; };
		C4B3CA3D1CFDB79E002A3F55 /* FMResultSet.m */ = {isa = PBXFileReference; fileEncoding = 4; lastKnownFileType = sourcecode.c.objc; path = FMResultSet.m; sourceTree = "<group>"; };
		C4B3CA451CFDBBC4002A3F55 /* libsqlite3.0.tbd */ = {isa = PBXFileReference; lastKnownFileType = "sourcecode.text-based-dylib-definition"; name = libsqlite3.0.tbd; path = usr/lib/libsqlite3.0.tbd; sourceTree = SDKROOT; };
		C4D0CDF41CFDC3B900B7C8C0 /* libsqlite3.tbd */ = {isa = PBXFileReference; lastKnownFileType = "sourcecode.text-based-dylib-definition"; name = libsqlite3.tbd; path = usr/lib/libsqlite3.tbd; sourceTree = SDKROOT; };
/* End PBXFileReference section */

/* Begin PBXFrameworksBuildPhase section */
		C41560CC1CF31A0F00EDB356 /* Frameworks */ = {
			isa = PBXFrameworksBuildPhase;
			buildActionMask = 2147483647;
			files = (
				C4D0CDF51CFDC3B900B7C8C0 /* libsqlite3.tbd in Frameworks */,
				C4B3CA461CFDBBC4002A3F55 /* libsqlite3.0.tbd in Frameworks */,
				C41560EC1CF31BA800EDB356 /* CoreLocation.framework in Frameworks */,
				C41560EA1CF31B9C00EDB356 /* MapKit.framework in Frameworks */,
			);
			runOnlyForDeploymentPostprocessing = 0;
		};
/* End PBXFrameworksBuildPhase section */

/* Begin PBXGroup section */
		C41560C61CF31A0F00EDB356 = {
			isa = PBXGroup;
			children = (
				C4D0CDF41CFDC3B900B7C8C0 /* libsqlite3.tbd */,
				C4B3CA451CFDBBC4002A3F55 /* libsqlite3.0.tbd */,
				C41560EB1CF31BA800EDB356 /* CoreLocation.framework */,
				C41560E91CF31B9C00EDB356 /* MapKit.framework */,
				C41560D11CF31A0F00EDB356 /* HelloFindMyFriend */,
				C41560D01CF31A0F00EDB356 /* Products */,
			);
			sourceTree = "<group>";
		};
		C41560D01CF31A0F00EDB356 /* Products */ = {
			isa = PBXGroup;
			children = (
				C41560CF1CF31A0F00EDB356 /* HelloFindMyFriend.app */,
			);
			name = Products;
			sourceTree = "<group>";
		};
		C41560D11CF31A0F00EDB356 /* HelloFindMyFriend */ = {
			isa = PBXGroup;
			children = (
				C4B3CA321CFDB79E002A3F55 /* fmdb */,
				C41560D61CF31A0F00EDB356 /* AppDelegate.m */,
				C41560D51CF31A0F00EDB356 /* AppDelegate.h */,
				C41560D81CF31A0F00EDB356 /* ViewController.h */,
				C41560D91CF31A0F00EDB356 /* ViewController.m */,
				C41560DB1CF31A0F00EDB356 /* Main.storyboard */,
				C41560DE1CF31A0F00EDB356 /* Assets.xcassets */,
				C41560E01CF31A0F00EDB356 /* LaunchScreen.storyboard */,
				C41560E31CF31A0F00EDB356 /* Info.plist */,
				C41560D21CF31A0F00EDB356 /* Supporting Files */,
			);
			path = HelloFindMyFriend;
			sourceTree = "<group>";
		};
		C41560D21CF31A0F00EDB356 /* Supporting Files */ = {
			isa = PBXGroup;
			children = (
				C41560D31CF31A0F00EDB356 /* main.m */,
			);
			name = "Supporting Files";
			sourceTree = "<group>";
		};
		C4B3CA321CFDB79E002A3F55 /* fmdb */ = {
			isa = PBXGroup;
			children = (
				C4B3CA331CFDB79E002A3F55 /* FMDatabase.h */,
				C4B3CA341CFDB79E002A3F55 /* FMDatabase.m */,
				C4B3CA351CFDB79E002A3F55 /* FMDatabaseAdditions.h */,
				C4B3CA361CFDB79E002A3F55 /* FMDatabaseAdditions.m */,
				C4B3CA371CFDB79E002A3F55 /* FMDatabasePool.h */,
				C4B3CA381CFDB79E002A3F55 /* FMDatabasePool.m */,
				C4B3CA391CFDB79E002A3F55 /* FMDatabaseQueue.h */,
				C4B3CA3A1CFDB79E002A3F55 /* FMDatabaseQueue.m */,
				C4B3CA3B1CFDB79E002A3F55 /* FMDB.h */,
				C4B3CA3C1CFDB79E002A3F55 /* FMResultSet.h */,
				C4B3CA3D1CFDB79E002A3F55 /* FMResultSet.m */,
			);
			path = fmdb;
			sourceTree = "<group>";
		};
/* End PBXGroup section */

/* Begin PBXNativeTarget section */
		C41560CE1CF31A0F00EDB356 /* HelloFindMyFriend */ = {
			isa = PBXNativeTarget;
			buildConfigurationList = C41560E61CF31A0F00EDB356 /* Build configuration list for PBXNativeTarget "HelloFindMyFriend" */;
			buildPhases = (
				C41560CB1CF31A0F00EDB356 /* Sources */,
				C41560CC1CF31A0F00EDB356 /* Frameworks */,
				C41560CD1CF31A0F00EDB356 /* Resources */,
			);
			buildRules = (
			);
			dependencies = (
			);
			name = HelloFindMyFriend;
			productName = HelloFindMyFriend;
			productReference = C41560CF1CF31A0F00EDB356 /* HelloFindMyFriend.app */;
			productType = "com.apple.product-type.application";
		};
/* End PBXNativeTarget section */

/* Begin PBXProject section */
		C41560C71CF31A0F00EDB356 /* Project object */ = {
			isa = PBXProject;
			attributes = {
				LastUpgradeCheck = 0730;
				ORGANIZATIONNAME = "@ demand;";
				TargetAttributes = {
					C41560CE1CF31A0F00EDB356 = {
						CreatedOnToolsVersion = 7.3.1;
						DevelopmentTeam = NT3TRSW8E2;
					};
				};
			};
			buildConfigurationList = C41560CA1CF31A0F00EDB356 /* Build configuration list for PBXProject "HelloFindMyFriend" */;
			compatibilityVersion = "Xcode 3.2";
			developmentRegion = English;
			hasScannedForEncodings = 0;
			knownRegions = (
				en,
				Base,
			);
			mainGroup = C41560C61CF31A0F00EDB356;
			productRefGroup = C41560D01CF31A0F00EDB356 /* Products */;
			projectDirPath = "";
			projectRoot = "";
			targets = (
				C41560CE1CF31A0F00EDB356 /* HelloFindMyFriend */,
			);
		};
/* End PBXProject section */

/* Begin PBXResourcesBuildPhase section */
		C41560CD1CF31A0F00EDB356 /* Resources */ = {
			isa = PBXResourcesBuildPhase;
			buildActionMask = 2147483647;
			files = (
				C41560E21CF31A0F00EDB356 /* LaunchScreen.storyboard in Resources */,
				C41560DF1CF31A0F00EDB356 /* Assets.xcassets in Resources */,
				C41560DD1CF31A0F00EDB356 /* Main.storyboard in Resources */,
			);
			runOnlyForDeploymentPostprocessing = 0;
		};
/* End PBXResourcesBuildPhase section */

/* Begin PBXSourcesBuildPhase section */
		C41560CB1CF31A0F00EDB356 /* Sources */ = {
			isa = PBXSourcesBuildPhase;
			buildActionMask = 2147483647;
			files = (
				C41560DA1CF31A0F00EDB356 /* ViewController.m in Sources */,
				C4B3CA411CFDB79E002A3F55 /* FMDatabasePool.m in Sources */,
				C41560D71CF31A0F00EDB356 /* AppDelegate.m in Sources */,
				C4B3CA421CFDB79E002A3F55 /* FMDatabaseQueue.m in Sources */,
				C41560D41CF31A0F00EDB356 /* main.m in Sources */,
				C4B3CA3F1CFDB79E002A3F55 /* FMDatabase.m in Sources */,
				C4B3CA431CFDB79E002A3F55 /* FMResultSet.m in Sources */,
				C4B3CA401CFDB79E002A3F55 /* FMDatabaseAdditions.m in Sources */,
			);
			runOnlyForDeploymentPostprocessing = 0;
		};
/* End PBXSourcesBuildPhase section */

/* Begin PBXVariantGroup section */
		C41560DB1CF31A0F00EDB356 /* Main.storyboard */ = {
			isa = PBXVariantGroup;
			children = (
				C41560DC1CF31A0F00EDB356 /* Base */,
			);
			name = Main.storyboard;
			sourceTree = "<group>";
		};
		C41560E01CF31A0F00EDB356 /* LaunchScreen.storyboard */ = {
			isa = PBXVariantGroup;
			children = (
				C41560E11CF31A0F00EDB356 /* Base */,
			);
			name = LaunchScreen.storyboard;
			sourceTree = "<group>";
		};
/* End PBXVariantGroup section */

/* Begin XCBuildConfiguration section */
		C41560E41CF31A0F00EDB356 /* Debug */ = {
			isa = XCBuildConfiguration;
			buildSettings = {
				ALWAYS_SEARCH_USER_PATHS = NO;
				CLANG_ANALYZER_NONNULL = YES;
				CLANG_CXX_LANGUAGE_STANDARD = "gnu++0x";
				CLANG_CXX_LIBRARY = "libc++";
				CLANG_ENABLE_MODULES = YES;
				CLANG_ENABLE_OBJC_ARC = YES;
				CLANG_WARN_BOOL_CONVERSION = YES;
				CLANG_WARN_CONSTANT_CONVERSION = YES;
				CLANG_WARN_DIRECT_OBJC_ISA_USAGE = YES_ERROR;
				CLANG_WARN_EMPTY_BODY = YES;
				CLANG_WARN_ENUM_CONVERSION = YES;
				CLANG_WARN_INT_CONVERSION = YES;
				CLANG_WARN_OBJC_ROOT_CLASS = YES_ERROR;
				CLANG_WARN_UNREACHABLE_CODE = YES;
				CLANG_WARN__DUPLICATE_METHOD_MATCH = YES;
				"CODE_SIGN_IDENTITY[sdk=iphoneos*]" = "iPhone Developer";
				COPY_PHASE_STRIP = NO;
				DEBUG_INFORMATION_FORMAT = dwarf;
				ENABLE_STRICT_OBJC_MSGSEND = YES;
				ENABLE_TESTABILITY = YES;
				GCC_C_LANGUAGE_STANDARD = gnu99;
				GCC_DYNAMIC_NO_PIC = NO;
				GCC_NO_COMMON_BLOCKS = YES;
				GCC_OPTIMIZATION_LEVEL = 0;
				GCC_PREPROCESSOR_DEFINITIONS = (
					"DEBUG=1",
					"$(inherited)",
				);
				GCC_WARN_64_TO_32_BIT_CONVERSION = YES;
				GCC_WARN_ABOUT_RETURN_TYPE = YES_ERROR;
				GCC_WARN_UNDECLARED_SELECTOR = YES;
				GCC_WARN_UNINITIALIZED_AUTOS = YES_AGGRESSIVE;
				GCC_WARN_UNUSED_FUNCTION = YES;
				GCC_WARN_UNUSED_VARIABLE = YES;
				IPHONEOS_DEPLOYMENT_TARGET = 9.3;
				MTL_ENABLE_DEBUG_INFO = YES;
				ONLY_ACTIVE_ARCH = YES;
				SDKROOT = iphoneos;
				TARGETED_DEVICE_FAMILY = "1,2";
			};
			name = Debug;
		};
		C41560E51CF31A0F00EDB356 /* Release */ = {
			isa = XCBuildConfiguration;
			buildSettings = {
				ALWAYS_SEARCH_USER_PATHS = NO;
				CLANG_ANALYZER_NONNULL = YES;
				CLANG_CXX_LANGUAGE_STANDARD = "gnu++0x";
				CLANG_CXX_LIBRARY = "libc++";
				CLANG_ENABLE_MODULES = YES;
				CLANG_ENABLE_OBJC_ARC = YES;
				CLANG_WARN_BOOL_CONVERSION = YES;
				CLANG_WARN_CONSTANT_CONVERSION = YES;
				CLANG_WARN_DIRECT_OBJC_ISA_USAGE = YES_ERROR;
				CLANG_WARN_EMPTY_BODY = YES;
				CLANG_WARN_ENUM_CONVERSION = YES;
				CLANG_WARN_INT_CONVERSION = YES;
				CLANG_WARN_OBJC_ROOT_CLASS = YES_ERROR;
				CLANG_WARN_UNREACHABLE_CODE = YES;
				CLANG_WARN__DUPLICATE_METHOD_MATCH = YES;
				"CODE_SIGN_IDENTITY[sdk=iphoneos*]" = "iPhone Developer";
				COPY_PHASE_STRIP = NO;
				DEBUG_INFORMATION_FORMAT = "dwarf-with-dsym";
				ENABLE_NS_ASSERTIONS = NO;
				ENABLE_STRICT_OBJC_MSGSEND = YES;
				GCC_C_LANGUAGE_STANDARD = gnu99;
				GCC_NO_COMMON_BLOCKS = YES;
				GCC_WARN_64_TO_32_BIT_CONVERSION = YES;
				GCC_WARN_ABOUT_RETURN_TYPE = YES_ERROR;
				GCC_WARN_UNDECLARED_SELECTOR = YES;
				GCC_WARN_UNINITIALIZED_AUTOS = YES_AGGRESSIVE;
				GCC_WARN_UNUSED_FUNCTION = YES;
				GCC_WARN_UNUSED_VARIABLE = YES;
				IPHONEOS_DEPLOYMENT_TARGET = 9.3;
				MTL_ENABLE_DEBUG_INFO = NO;
				SDKROOT = iphoneos;
				TARGETED_DEVICE_FAMILY = "1,2";
				VALIDATE_PRODUCT = YES;
			};
			name = Release;
		};
		C41560E71CF31A0F00EDB356 /* Debug */ = {
			isa = XCBuildConfiguration;
			buildSettings = {
				ASSETCATALOG_COMPILER_APPICON_NAME = AppIcon;
				INFOPLIST_FILE = HelloFindMyFriend/Info.plist;
				LD_RUNPATH_SEARCH_PATHS = "$(inherited) @executable_path/Frameworks";
				PRODUCT_BUNDLE_IDENTIFIER = net.pixnet.toyboy17.HelloFindMyFriend;
				PRODUCT_NAME = "$(TARGET_NAME)";
			};
			name = Debug;
		};
		C41560E81CF31A0F00EDB356 /* Release */ = {
			isa = XCBuildConfiguration;
			buildSettings = {
				ASSETCATALOG_COMPILER_APPICON_NAME = AppIcon;
				INFOPLIST_FILE = HelloFindMyFriend/Info.plist;
				LD_RUNPATH_SEARCH_PATHS = "$(inherited) @executable_path/Frameworks";
				PRODUCT_BUNDLE_IDENTIFIER = net.pixnet.toyboy17.HelloFindMyFriend;
				PRODUCT_NAME = "$(TARGET_NAME)";
			};
			name = Release;
		};
/* End XCBuildConfiguration section */

/* Begin XCConfigurationList section */
		C41560CA1CF31A0F00EDB356 /* Build configuration list for PBXProject "HelloFindMyFriend" */ = {
			isa = XCConfigurationList;
			buildConfigurations = (
				C41560E41CF31A0F00EDB356 /* Debug */,
				C41560E51CF31A0F00EDB356 /* Release */,
			);
			defaultConfigurationIsVisible = 0;
			defaultConfigurationName = Release;
		};
		C41560E61CF31A0F00EDB356 /* Build configuration list for PBXNativeTarget "HelloFindMyFriend" */ = {
			isa = XCConfigurationList;
			buildConfigurations = (
				C41560E71CF31A0F00EDB356 /* Debug */,
				C41560E81CF31A0F00EDB356 /* Release */,
			);
			defaultConfigurationIsVisible = 0;
			defaultConfigurationName = Release;
		};
/* End XCConfigurationList section */
	};
	rootObject = C41560C71CF31A0F00EDB356 /* Project object */;
}
